
Microsoft Visual Studio Solution File, Format Version 12.00
# Visual Studio Version 16
VisualStudioVersion = 16.0.30011.22
MinimumVisualStudioVersion = 10.0.40219.1
Project("{9A19103F-16F7-4668-BE54-9A1E7A4F7556}") = "KanjiStrokes", "KanjiStrokes\KanjiStrokes.csproj", "{ABB690EA-A8BE-462D-8B9E-1BD6D5ABA153}"
EndProject
Global
	GlobalSection(SolutionConfigurationPlatforms) = preSolution
		Debug|Any CPU = Debug|Any CPU
		Release|Any CPU = Release|Any CPU
	EndGlobalSection
	GlobalSection(ProjectConfigurationPlatforms) = postSolution
		{ABB690EA-A8BE-462D-8B9E-1BD6D5ABA153}.Debug|Any CPU.ActiveCfg = Debug|Any CPU
		{ABB690EA-A8BE-462D-8B9E-1BD6D5ABA153}.Debug|Any CPU.Build.0 = Debug|Any CPU
		{ABB690EA-A8BE-462D-8B9E-1BD6D5ABA153}.Release|Any CPU.ActiveCfg = Release|Any CPU
		{ABB690EA-A8BE-462D-8B9E-1BD6D5ABA153}.Release|Any CPU.Build.0 = Release|Any CPU
	EndGlobalSection
	GlobalSection(SolutionProperties) = preSolution
		HideSolutionNode = FALSE
	EndGlobalSection
	GlobalSection(ExtensibilityGlobals) = postSolution
		SolutionGuid = {4F20CA58-AAC2-44F6-82F5-02B9228A9D13}
	EndGlobalSection
EndGlobal
